// !$*UTF8*$!
{
	archiveVersion = 1;
	classes = {
	};
	objectVersion = 46;
	objects = {

/* Begin PBXBuildFile section */
		B309D8F61F099211004D2389 /* AppDelegate.swift in Sources */ = {isa = PBXBuildFile; fileRef = B309D8F51F099211004D2389 /* AppDelegate.swift */; };
		B309D8F81F099211004D2389 /* ViewController.swift in Sources */ = {isa = PBXBuildFile; fileRef = B309D8F71F099211004D2389 /* ViewController.swift */; };
		B309D8FB1F099211004D2389 /* Main.storyboard in Resources */ = {isa = PBXBuildFile; fileRef = B309D8F91F099211004D2389 /* Main.storyboard */; };
		B309D8FD1F099212004D2389 /* Assets.xcassets in Resources */ = {isa = PBXBuildFile; fileRef = B309D8FC1F099212004D2389 /* Assets.xcassets */; };
		B309D9001F099212004D2389 /* LaunchScreen.storyboard in Resources */ = {isa = PBXBuildFile; fileRef = B309D8FE1F099212004D2389 /* LaunchScreen.storyboard */; };
		B309D90A1F09962E004D2389 /* PlacesTableViewController.swift in Sources */ = {isa = PBXBuildFile; fileRef = B309D9091F09962E004D2389 /* PlacesTableViewController.swift */; };
		B309D90D1F09B22B004D2389 /* CoreLocation.framework in Frameworks */ = {isa = PBXBuildFile; fileRef = B309D90C1F09B22B004D2389 /* CoreLocation.framework */; };
/* End PBXBuildFile section */

/* Begin PBXFileReference section */
		B309D8F21F099211004D2389 /* Memorable Places.app */ = {isa = PBXFileReference; explicitFileType = wrapper.application; includeInIndex = 0; path = "Memorable Places.app"; sourceTree = BUILT_PRODUCTS_DIR; };
		B309D8F51F099211004D2389 /* AppDelegate.swift */ = {isa = PBXFileReference; lastKnownFileType = sourcecode.swift; path = AppDelegate.swift; sourceTree = "<group>"; };
		B309D8F71F099211004D2389 /* ViewController.swift */ = {isa = PBXFileReference; lastKnownFileType = sourcecode.swift; path = ViewController.swift; sourceTree = "<group>"; };
		B309D8FA1F099211004D2389 /* Base */ = {isa = PBXFileReference; lastKnownFileType = file.storyboard; name = Base; path = Base.lproj/Main.storyboard; sourceTree = "<group>"; };
		B309D8FC1F099212004D2389 /* Assets.xcassets */ = {isa = PBXFileReference; lastKnownFileType = folder.assetcatalog; path = Assets.xcassets; sourceTree = "<group>"; };
		B309D8FF1F099212004D2389 /* Base */ = {isa = PBXFileReference; lastKnownFileType = file.storyboard; name = Base; path = Base.lproj/LaunchScreen.storyboard; sourceTree = "<group>"; };
		B309D9011F099212004D2389 /* Info.plist */ = {isa = PBXFileReference; lastKnownFileType = text.plist.xml; path = Info.plist; sourceTree = "<group>"; };
		B309D9091F09962E004D2389 /* PlacesTableViewController.swift */ = {isa = PBXFileReference; fileEncoding = 4; lastKnownFileType = sourcecode.swift; name = PlacesTableViewController.swift; path = ../PlacesTableViewController.swift; sourceTree = "<group>"; };
		B309D90C1F09B22B004D2389 /* CoreLocation.framework */ = {isa = PBXFileReference; lastKnownFileType = wrapper.framework; name = CoreLocation.framework; path = System/Library/Frameworks/CoreLocation.framework; sourceTree = SDKROOT; };
/* End PBXFileReference section */

/* Begin PBXFrameworksBuildPhase section */
		B309D8EF1F099211004D2389 /* Frameworks */ = {
			isa = PBXFrameworksBuildPhase;
			buildActionMask = 2147483647;
			files = (
				B309D90D1F09B22B004D2389 /* CoreLocation.framework in Frameworks */,
			);
			runOnlyForDeploymentPostprocessing = 0;
		};
/* End PBXFrameworksBuildPhase section */

/* Begin PBXGroup section */
		B309D8E91F099211004D2389 = {
			isa = PBXGroup;
			children = (
				B309D8F41F099211004D2389 /* Memorable Places */,
				B309D8F31F099211004D2389 /* Products */,
				B309D90B1F09B22B004D2389 /* Frameworks */,
			);
			sourceTree = "<group>";
		};
		B309D8F31F099211004D2389 /* Products */ = {
			isa = PBXGroup;
			children = (
				B309D8F21F099211004D2389 /* Memorable Places.app */,
			);
			name = Products;
			sourceTree = "<group>";
		};
		B309D8F41F099211004D2389 /* Memorable Places */ = {
			isa = PBXGroup;
			children = (
				B309D8F51F099211004D2389 /* AppDelegate.swift */,
				B309D8F71F099211004D2389 /* ViewController.swift */,
				B309D9091F09962E004D2389 /* PlacesTableViewController.swift */,
				B309D8F91F099211004D2389 /* Main.storyboard */,
				B309D8FC1F099212004D2389 /* Assets.xcassets */,
				B309D8FE1F099212004D2389 /* LaunchScreen.storyboard */,
				B309D9011F099212004D2389 /* Info.plist */,
			);
			path = "Memorable Places";
			sourceTree = "<group>";
		};
		B309D90B1F09B22B004D2389 /* Frameworks */ = {
			isa = PBXGroup;
			children = (
				B309D90C1F09B22B004D2389 /* CoreLocation.framework */,
			);
			name = Frameworks;
			sourceTree = "<group>";
		};
/* End PBXGroup section */

/* Begin PBXNativeTarget section */
		B309D8F11F099211004D2389 /* Memorable Places */ = {
			isa = PBXNativeTarget;
			buildConfigurationList = B309D9041F099212004D2389 /* Build configuration list for PBXNativeTarget "Memorable Places" */;
			buildPhases = (
				B309D8EE1F099211004D2389 /* Sources */,
				B309D8EF1F099211004D2389 /* Frameworks */,
				B309D8F01F099211004D2389 /* Resources */,
			);
			buildRules = (
			);
			dependencies = (
			);
			name = "Memorable Places";
			productName = "Memorable Places";
			productReference = B309D8F21F099211004D2389 /* Memorable Places.app */;
			productType = "com.apple.product-type.application";
		};
/* End PBXNativeTarget section */

/* Begin PBXProject section */
		B309D8EA1F099211004D2389 /* Project object */ = {
			isa = PBXProject;
			attributes = {
				LastSwiftUpdateCheck = 0830;
				LastUpgradeCheck = 0830;
				ORGANIZATIONNAME = "Vanessa Chu";
				TargetAttributes = {
					B309D8F11F099211004D2389 = {
						CreatedOnToolsVersion = 8.3.3;
						DevelopmentTeam = M32N7UJQSV;
						ProvisioningStyle = Automatic;
					};
				};
			};
			buildConfigurationList = B309D8ED1F099211004D2389 /* Build configuration list for PBXProject "Memorable Places" */;
			compatibilityVersion = "Xcode 3.2";
			developmentRegion = English;
			hasScannedForEncodings = 0;
			knownRegions = (
				en,
				Base,
			);
			mainGroup = B309D8E91F099211004D2389;
			productRefGroup = B309D8F31F099211004D2389 /* Products */;
			projectDirPath = "";
			projectRoot = "";
			targets = (
				B309D8F11F099211004D2389 /* Memorable Places */,
			);
		};
/* End PBXProject section */

/* Begin PBXResourcesBuildPhase section */
		B309D8F01F099211004D2389 /* Resources */ = {
			isa = PBXResourcesBuildPhase;
			buildActionMask = 2147483647;
			files = (
				B309D9001F099212004D2389 /* LaunchScreen.storyboard in Resources */,
				B309D8FD1F099212004D2389 /* Assets.xcassets in Resources */,
				B309D8FB1F099211004D2389 /* Main.storyboard in Resources */,
			);
			runOnlyForDeploymentPostprocessing = 0;
		};
/* End PBXResourcesBuildPhase section */

/* Begin PBXSourcesBuildPhase section */
		B309D8EE1F099211004D2389 /* Sources */ = {
			isa = PBXSourcesBuildPhase;
			buildActionMask = 2147483647;
			files = (
				B309D8F81F099211004D2389 /* ViewController.swift in Sources */,
				B309D8F61F099211004D2389 /* AppDelegate.swift in Sources */,
				B309D90A1F09962E004D2389 /* PlacesTableViewController.swift in Sources */,
			);
			runOnlyForDeploymentPostprocessing = 0;
		};
/* End PBXSourcesBuildPhase section */

/* Begin PBXVariantGroup section */
		B309D8F91F099211004D2389 /* Main.storyboard */ = {
			isa = PBXVariantGroup;
			children = (
				B309D8FA1F099211004D2389 /* Base */,
			);
			name = Main.storyboard;
			sourceTree = "<group>";
		};
		B309D8FE1F099212004D2389 /* LaunchScreen.storyboard */ = {
			isa = PBXVariantGroup;
			children = (
				B309D8FF1F099212004D2389 /* Base */,
			);
			name = LaunchScreen.storyboard;
			sourceTree = "<group>";
		};
/* End PBXVariantGroup section */

/* Begin XCBuildConfiguration section */
		B309D9021F099212004D2389 /* Debug */ = {
			isa = XCBuildConfiguration;
			buildSettings = {
				ALWAYS_SEARCH_USER_PATHS = NO;
				CLANG_ANALYZER_NONNULL = YES;
				CLANG_ANALYZER_NUMBER_OBJECT_CONVERSION = YES_AGGRESSIVE;
				CLANG_CXX_LANGUAGE_STANDARD = "gnu++0x";
				CLANG_CXX_LIBRARY = "libc++";
				CLANG_ENABLE_MODULES = YES;
				CLANG_ENABLE_OBJC_ARC = YES;
				CLANG_WARN_BOOL_CONVERSION = YES;
				CLANG_WARN_CONSTANT_CONVERSION = YES;
				CLANG_WARN_DIRECT_OBJC_ISA_USAGE = YES_ERROR;
				CLANG_WARN_DOCUMENTATION_COMMENTS = YES;
				CLANG_WARN_EMPTY_BODY = YES;
				CLANG_WARN_ENUM_CONVERSION = YES;
				CLANG_WARN_INFINITE_RECURSION = YES;
				CLANG_WARN_INT_CONVERSION = YES;
				CLANG_WARN_OBJC_ROOT_CLASS = YES_ERROR;
				CLANG_WARN_SUSPICIOUS_MOVE = YES;
				CLANG_WARN_UNREACHABLE_CODE = YES;
				CLANG_WARN__DUPLICATE_METHOD_MATCH = YES;
				"CODE_SIGN_IDENTITY[sdk=iphoneos*]" = "iPhone Developer";
				COPY_PHASE_STRIP = NO;
				DEBUG_INFORMATION_FORMAT = dwarf;
				ENABLE_STRICT_OBJC_MSGSEND = YES;
				ENABLE_TESTABILITY = YES;
				GCC_C_LANGUAGE_STANDARD = gnu99;
				GCC_DYNAMIC_NO_PIC = NO;
				GCC_NO_COMMON_BLOCKS = YES;
				GCC_OPTIMIZATION_LEVEL = 0;
				GCC_PREPROCESSOR_DEFINITIONS = (
					"DEBUG=1",
					"$(inherited)",
				);
				GCC_WARN_64_TO_32_BIT_CONVERSION = YES;
				GCC_WARN_ABOUT_RETURN_TYPE = YES_ERROR;
				GCC_WARN_UNDECLARED_SELECTOR = YES;
				GCC_WARN_UNINITIALIZED_AUTOS = YES_AGGRESSIVE;
				GCC_WARN_UNUSED_FUNCTION = YES;
				GCC_WARN_UNUSED_VARIABLE = YES;
				IPHONEOS_DEPLOYMENT_TARGET = 10.3;
				MTL_ENABLE_DEBUG_INFO = YES;
				ONLY_ACTIVE_ARCH = YES;
				SDKROOT = iphoneos;
				SWIFT_ACTIVE_COMPILATION_CONDITIONS = DEBUG;
				SWIFT_OPTIMIZATION_LEVEL = "-Onone";
			};
			name = Debug;
		};
		B309D9031F099212004D2389 /* Release */ = {
			isa = XCBuildConfiguration;
			buildSettings = {
				ALWAYS_SEARCH_USER_PATHS = NO;
				CLANG_ANALYZER_NONNULL = YES;
				CLANG_ANALYZER_NUMBER_OBJECT_CONVERSION = YES_AGGRESSIVE;
				CLANG_CXX_LANGUAGE_STANDARD = "gnu++0x";
				CLANG_CXX_LIBRARY = "libc++";
				CLANG_ENABLE_MODULES = YES;
				CLANG_ENABLE_OBJC_ARC = YES;
				CLANG_WARN_BOOL_CONVERSION = YES;
				CLANG_WARN_CONSTANT_CONVERSION = YES;
				CLANG_WARN_DIRECT_OBJC_ISA_USAGE = YES_ERROR;
				CLANG_WARN_DOCUMENTATION_COMMENTS = YES;
				CLANG_WARN_EMPTY_BODY = YES;
				CLANG_WARN_ENUM_CONVERSION = YES;
				CLANG_WARN_INFINITE_RECURSION = YES;
				CLANG_WARN_INT_CONVERSION = YES;
				CLANG_WARN_OBJC_ROOT_CLASS = YES_ERROR;
				CLANG_WARN_SUSPICIOUS_MOVE = YES;
				CLANG_WARN_UNREACHABLE_CODE = YES;
				CLANG_WARN__DUPLICATE_METHOD_MATCH = YES;
				"CODE_SIGN_IDENTITY[sdk=iphoneos*]" = "iPhone Developer";
				COPY_PHASE_STRIP = NO;
				DEBUG_INFORMATION_FORMAT = "dwarf-with-dsym";
				ENABLE_NS_ASSERTIONS = NO;
				ENABLE_STRICT_OBJC_MSGSEND = YES;
				GCC_C_LANGUAGE_STANDARD = gnu99;
				GCC_NO_COMMON_BLOCKS = YES;
				GCC_WARN_64_TO_32_BIT_CONVERSION = YES;
				GCC_WARN_ABOUT_RETURN_TYPE = YES_ERROR;
				GCC_WARN_UNDECLARED_SELECTOR = YES;
				GCC_WARN_UNINITIALIZED_AUTOS = YES_AGGRESSIVE;
				GCC_WARN_UNUSED_FUNCTION = YES;
				GCC_WARN_UNUSED_VARIABLE = YES;
				IPHONEOS_DEPLOYMENT_TARGET = 10.3;
				MTL_ENABLE_DEBUG_INFO = NO;
				SDKROOT = iphoneos;
				SWIFT_OPTIMIZATION_LEVEL = "-Owholemodule";
				VALIDATE_PRODUCT = YES;
			};
			name = Release;
		};
		B309D9051F099212004D2389 /* Debug */ = {
			isa = XCBuildConfiguration;
			buildSettings = {
				ASSETCATALOG_COMPILER_APPICON_NAME = AppIcon;
				DEVELOPMENT_TEAM = M32N7UJQSV;
				INFOPLIST_FILE = "Memorable Places/Info.plist";
				LD_RUNPATH_SEARCH_PATHS = "$(inherited) @executable_path/Frameworks";
				PRODUCT_BUNDLE_IDENTIFIER = "com.vanessachu.Memorable-Places";
				PRODUCT_NAME = "$(TARGET_NAME)";
				SWIFT_VERSION = 3.0;
			};
			name = Debug;
		};
		B309D9061F099212004D2389 /* Release */ = {
			isa = XCBuildConfiguration;
			buildSettings = {
				ASSETCATALOG_COMPILER_APPICON_NAME = AppIcon;
				DEVELOPMENT_TEAM = M32N7UJQSV;
				INFOPLIST_FILE = "Memorable Places/Info.plist";
				LD_RUNPATH_SEARCH_PATHS = "$(inherited) @executable_path/Frameworks";
				PRODUCT_BUNDLE_IDENTIFIER = "com.vanessachu.Memorable-Places";
				PRODUCT_NAME = "$(TARGET_NAME)";
				SWIFT_VERSION = 3.0;
			};
			name = Release;
		};
/* End XCBuildConfiguration section */

/* Begin XCConfigurationList section */
		B309D8ED1F099211004D2389 /* Build configuration list for PBXProject "Memorable Places" */ = {
			isa = XCConfigurationList;
			buildConfigurations = (
				B309D9021F099212004D2389 /* Debug */,
				B309D9031F099212004D2389 /* Release */,
			);
			defaultConfigurationIsVisible = 0;
			defaultConfigurationName = Release;
		};
		B309D9041F099212004D2389 /* Build configuration list for PBXNativeTarget "Memorable Places" */ = {
			isa = XCConfigurationList;
			buildConfigurations = (
				B309D9051F099212004D2389 /* Debug */,
				B309D9061F099212004D2389 /* Release */,
			);
			defaultConfigurationIsVisible = 0;
		};
/* End XCConfigurationList section */
	};
	rootObject = B309D8EA1F099211004D2389 /* Project object */;
}
